
Microsoft Visual Studio Solution File, Format Version 12.00
# Visual Studio Version 17
VisualStudioVersion = 17.9.34902.65
MinimumVisualStudioVersion = 10.0.40219.1
Project("{9A19103F-16F7-4668-BE54-9A1E7A4F7556}") = "CourseProvider", "CourseProvider\CourseProvider.csproj", "{7C217C1F-FC2E-47E4-BB84-5A69B33DCFC5}"
EndProject
Project("{9A19103F-16F7-4668-BE54-9A1E7A4F7556}") = "CourseProvider.Infrastructure", "CourseProvider.Infrastructure\CourseProvider.Infrastructure.csproj", "{D9D68DF4-DEC6-4FA1-9DDC-3B741117BA88}"
EndProject
Global
	GlobalSection(SolutionConfigurationPlatforms) = preSolution
		Debug|Any CPU = Debug|Any CPU
		Release|Any CPU = Release|Any CPU
	EndGlobalSection
	GlobalSection(ProjectConfigurationPlatforms) = postSolution
		{7C217C1F-FC2E-47E4-BB84-5A69B33DCFC5}.Debug|Any CPU.ActiveCfg = Debug|Any CPU
		{7C217C1F-FC2E-47E4-BB84-5A69B33DCFC5}.Debug|Any CPU.Build.0 = Debug|Any CPU
		{7C217C1F-FC2E-47E4-BB84-5A69B33DCFC5}.Release|Any CPU.ActiveCfg = Release|Any CPU
		{7C217C1F-FC2E-47E4-BB84-5A69B33DCFC5}.Release|Any CPU.Build.0 = Release|Any CPU
		{D9D68DF4-DEC6-4FA1-9DDC-3B741117BA88}.Debug|Any CPU.ActiveCfg = Debug|Any CPU
		{D9D68DF4-DEC6-4FA1-9DDC-3B741117BA88}.Debug|Any CPU.Build.0 = Debug|Any CPU
		{D9D68DF4-DEC6-4FA1-9DDC-3B741117BA88}.Release|Any CPU.ActiveCfg = Release|Any CPU
		{D9D68DF4-DEC6-4FA1-9DDC-3B741117BA88}.Release|Any CPU.Build.0 = Release|Any CPU
	EndGlobalSection
	GlobalSection(SolutionProperties) = preSolution
		HideSolutionNode = FALSE
	EndGlobalSection
	GlobalSection(ExtensibilityGlobals) = postSolution
		SolutionGuid = {84B0103D-87A4-4C27-919E-EEEAFA26ABD5}
	EndGlobalSection
EndGlobal
